
Microsoft Visual Studio Solution File, Format Version 12.00
# Visual Studio Version 16
VisualStudioVersion = 16.0.28803.156
MinimumVisualStudioVersion = 10.0.40219.1
Project("{FAE04EC0-301F-11D3-BF4B-00C04F79EFBC}") = "PainelHospital", "PainelHospital\PainelHospital.csproj", "{257B6A96-DC15-473D-A707-E6EE6367786D}"
EndProject
Global
	GlobalSection(SolutionConfigurationPlatforms) = preSolution
		Debug|Any CPU = Debug|Any CPU
		Release|Any CPU = Release|Any CPU
	EndGlobalSection
	GlobalSection(ProjectConfigurationPlatforms) = postSolution
		{257B6A96-DC15-473D-A707-E6EE6367786D}.Debug|Any CPU.ActiveCfg = Debug|Any CPU
		{257B6A96-DC15-473D-A707-E6EE6367786D}.Debug|Any CPU.Build.0 = Debug|Any CPU
		{257B6A96-DC15-473D-A707-E6EE6367786D}.Release|Any CPU.ActiveCfg = Release|Any CPU
		{257B6A96-DC15-473D-A707-E6EE6367786D}.Release|Any CPU.Build.0 = Release|Any CPU
	EndGlobalSection
	GlobalSection(SolutionProperties) = preSolution
		HideSolutionNode = FALSE
	EndGlobalSection
	GlobalSection(ExtensibilityGlobals) = postSolution
		SolutionGuid = {3806372B-689E-4EB7-BDA0-BBA5E0BAC109}
	EndGlobalSection
EndGlobal
